{
  "originHash" : "4f070583ac4ceea33ed1f24599fb3bd6205d80d104b8c27914a903fe9e73493b",
  "pins" : [
    {
      "identity" : "keyboardshortcuts",
      "kind" : "remoteSourceControl",
      "location" : "https://github.com/sindresorhus/KeyboardShortcuts",
      "state" : {
        "revision" : "1aef85578fdd4f9eaeeb8d53b7b4fc31bf08fe27",
        "version" : "2.4.0"
      }
    },
    {
      "identity" : "sentry-cocoa",
      "kind" : "remoteSourceControl",
      "location" : "https://github.com/getsentry/sentry-cocoa.git",
      "state" : {
        "revision" : "cef29e94feb00b1b712514443d6d70b09ef20355",
        "version" : "9.15.0"
      }
    }
  ],
  "version" : 3
}
